github.com/BurntSushi/toml v0.3.1 h1:WXkYYl6Yr3qBf1K79EBnL4mak0OimBfB0XUf9Vl28OQ=
github.com/BurntSushi/toml v0.3.1/go.mod h1:xHWCNGjB5oqiDr8zfno3MHue2Ht5sIBksp03qcyfWMU=
github.com/julienschmidt/httprouter v1.3.0 h1:U0609e9tgbseu3rBINet9P48AI/D3oJs4dN7jwJOQ1U=
github.com/julienschmidt/httprouter v1.3.0/go.mod h1:JR6WtHb+2LUe8TCKY3cZOxFyyO8IZAc4RVcycCCAKdM=
github.com/okcherry/cherry v0.0.0-20200309140857-24cc6a703e68 h1:bfvyEA87TbNIAKWyyy4Se4y21oISs1CJ9JMWXnent/o=
github.com/okcherry/cherry v0.0.0-20200309140857-24cc6a703e68/go.mod h1:984F6InJoYoO7RKVb6rjbnSw4Pg8GchbYCv35GL4v54=
github.com/pkg/errors v0.9.1 h1:FEBLx1zS214owpjy7qsBeixbURkuhQAwrK5UwLGTwt4=
github.com/pkg/errors v0.9.1/go.mod h1:bwawxfHBFNV+L2hUp1rHADufV3IMtnDRdf1r5NINEl0=
github.com/printzero/tint v0.0.3 h1:9dXvyS3Bl8GB2Y4HCAgythU1I233aD19WWb8SOPYAj8=
github.com/printzero/tint v0.0.3/go.mod h1:/CwPg1futUCwDVK10x6pVUDBn/k4+e+MbdVPqzZtSes=
github.com/rubikorg/blocks v0.0.0-20200320142242-f0eb666c9c44 h1:cb6sLEWEHVspnAP1mbMfLc0eqwNhiRB2iyxw8TLmJI4=
github.com/rubikorg/blocks v0.0.0-20200320142242-f0eb666c9c44/go.mod h1:69qJ18WGHys0jL96nZjLiL3vLWq9e7tzuGAVQzCjQQQ=
