github.com/BurntSushi/toml v0.3.1/go.mod h1:xHWCNGjB5oqiDr8zfno3MHue2Ht5sIBksp03qcyfWMU=
github.com/BurntSushi/toml v0.4.1 h1:GaI7EiDXDRfa8VshkTj7Fym7ha+y8/XxIgD2okUIjLw=
github.com/BurntSushi/toml v0.4.1/go.mod h1:CxXYINrC8qIiEnFrOxCa7Jy5BFHlXnUU2pbicEuybxQ=
github.com/jordan-wright/email v0.0.0-20200521030443-c069f37d901d/go.mod h1:Fy2gCFfZhay8jplf/Csj6cyH/oshQTkLQYZbKkcV+SY=
github.com/julienschmidt/httprouter v1.3.0 h1:U0609e9tgbseu3rBINet9P48AI/D3oJs4dN7jwJOQ1U=
github.com/julienschmidt/httprouter v1.3.0/go.mod h1:JR6WtHb+2LUe8TCKY3cZOxFyyO8IZAc4RVcycCCAKdM=
github.com/pkg/errors v0.9.1 h1:FEBLx1zS214owpjy7qsBeixbURkuhQAwrK5UwLGTwt4=
github.com/pkg/errors v0.9.1/go.mod h1:bwawxfHBFNV+L2hUp1rHADufV3IMtnDRdf1r5NINEl0=
github.com/printzero/tint v0.0.3 h1:9dXvyS3Bl8GB2Y4HCAgythU1I233aD19WWb8SOPYAj8=
github.com/printzero/tint v0.0.3/go.mod h1:/CwPg1futUCwDVK10x6pVUDBn/k4+e+MbdVPqzZtSes=
github.com/rubikorg/blocks v0.0.0-20200320142242-f0eb666c9c44/go.mod h1:69qJ18WGHys0jL96nZjLiL3vLWq9e7tzuGAVQzCjQQQ=
github.com/rubikorg/blocks v0.0.0-20210522181751-899798383030 h1:AwN/cMXoyidMB13iYu95vGQHCfnoKT/G24c+SHfwGNU=
github.com/rubikorg/blocks v0.0.0-20210522181751-899798383030/go.mod h1:OeXF/I/k9a0Bn1kyGlEdYOzml/0fG6WU6UkEWcYU7fg=
github.com/rubikorg/rubik v0.0.0-20200601011723-1a305bdacac5/go.mod h1:C6FosWVP314zYfxUJyqXv/9S6eHGwua2pPHOhLIc9UI=
go.etcd.io/bbolt v1.3.4/go.mod h1:G5EMThwa9y8QZGBClrRx5EY+Yw9kAhnjy3bSjsnlVTQ=
golang.org/x/sys v0.0.0-20200202164722-d101bd2416d5/go.mod h1:h1NjWce9XRLGQEsW7wpKNCjG9DtNlClVuFLEZdDNbEs=
